<?xml version="1.0" encoding="utf-8"?>
<Project ToolsVersion="4.0" xmlns="http://schemas.microsoft.com/developer/msbuild/2003">
  <ItemGroup>
    <Filter Include="Source Files">
      <UniqueIdentifier>{4FC737F1-C7A5-4376-A066-2A32D752A2FF}</UniqueIdentifier>
      <Extensions>cpp;c;cc;cxx;c++;cppm;ixx;def;odl;idl;hpj;bat;asm;asmx</Extensions>
    </Filter>
    <Filter Include="Header Files">
      <UniqueIdentifier>{93995380-89BD-4b04-88EB-625FBE52EBFB}</UniqueIdentifier>
      <Extensions>h;hh;hpp;hxx;h++;hm;inl;inc;ipp;xsd</Extensions>
    </Filter>
    <Filter Include="Resource Files">
      <UniqueIdentifier>{67DA6AB6-F800-4c08-8B7A-83BB121AAD01}</UniqueIdentifier>
      <Extensions>rc;ico;cur;bmp;dlg;rc2;rct;bin;rgs;gif;jpg;jpeg;jpe;resx;tiff;tif;png;wav;mfcribbon-ms</Extensions>
    </Filter>
    <Filter Include="nlohmann">
      <UniqueIdentifier>{ebc6a76a-e219-4bc0-9fb3-4e7d21e8f802}</UniqueIdentifier>
    </Filter>
    <Filter Include="nethost">
      <UniqueIdentifier>{57a0930a-e9a0-4b05-9fbf-696bdfd66ddf}</UniqueIdentifier>
    </Filter>
    <Filter Include="nethost\x86-libs">
      <UniqueIdentifier>{2e334866-cf73-46a6-9cef-aa6bf09bb0ae}</UniqueIdentifier>
    </Filter>
    <Filter Include="nethost\x64-libs">
      <UniqueIdentifier>{7372f60f-6206-4249-ad6a-03c278809bce}</UniqueIdentifier>
    </Filter>
    <Filter Include="core-setup">
      <UniqueIdentifier>{647b3b69-7efc-407a-99e0-dddf1cbd136b}</UniqueIdentifier>
    </Filter>
  </ItemGroup>
  <ItemGroup>
    <ClInclude Include="framework.h">
      <Filter>Header Files</Filter>
    </ClInclude>
    <ClInclude Include="pch.h">
      <Filter>Header Files</Filter>
    </ClInclude>
    <ClInclude Include="CoreCLR.hpp">
      <Filter>Header Files</Filter>
    </ClInclude>
    <ClInclude Include="EntryPointParameter.h">
      <Filter>Header Files</Filter>
    </ClInclude>
    <ClInclude Include="LoaderConfig.h">
      <Filter>Header Files</Filter>
    </ClInclude>
    <ClInclude Include="ReloadedPaths.h">
      <Filter>Header Files</Filter>
    </ClInclude>
    <ClInclude Include="Utilities.h">
      <Filter>Header Files</Filter>
    </ClInclude>
    <ClInclude Include="resource.h">
      <Filter>Header Files</Filter>
    </ClInclude>
    <ClInclude Include="version.h">
      <Filter>Resource Files</Filter>
    </ClInclude>
    <ClInclude Include="nlohmann\json.hpp">
      <Filter>nlohmann</Filter>
    </ClInclude>
    <ClInclude Include="nethost\nethost.h">
      <Filter>nethost</Filter>
    </ClInclude>
    <ClInclude Include="core-setup\coreclr_delegates.h">
      <Filter>core-setup</Filter>
    </ClInclude>
    <ClInclude Include="core-setup\hostfxr.h">
      <Filter>core-setup</Filter>
    </ClInclude>
  </ItemGroup>
  <ItemGroup>
    <ClCompile Include="dllmain.cpp">
      <Filter>Source Files</Filter>
    </ClCompile>
    <ClCompile Include="pch.cpp">
      <Filter>Source Files</Filter>
    </ClCompile>
    <ClCompile Include="CoreCLR.cpp">
      <Filter>Source Files</Filter>
    </ClCompile>
    <ClCompile Include="LoaderConfig.cpp">
      <Filter>Source Files</Filter>
    </ClCompile>
    <ClCompile Include="Utilities.cpp">
      <Filter>Source Files</Filter>
    </ClCompile>
  </ItemGroup>
  <ItemGroup>
    <ResourceCompile Include="version.rc">
      <Filter>Resource Files</Filter>
    </ResourceCompile>
  </ItemGroup>
  <ItemGroup>
    <Library Include="nethost\x86-libs\libnethost.lib">
      <Filter>nethost\x86-libs</Filter>
    </Library>
    <Library Include="nethost\x64-libs\libnethost.lib">
      <Filter>nethost\x64-libs</Filter>
    </Library>
  </ItemGroup>
</Project>